
Microsoft Visual Studio Solution File, Format Version 11.00
# Visual Studio 2010
Project("{FAE04EC0-301F-11D3-BF4B-00C04F79EFBC}") = "GenericAttributeGenerator", "GenericAttributeGenerator\GenericAttributeGenerator.csproj", "{F1CCB934-D4B7-47E5-B90D-F3113C445D62}"
EndProject
Project("{FAE04EC0-301F-11D3-BF4B-00C04F79EFBC}") = "GenericAttributeGenerator.UnitTests", "GenericAttributeGenerator.UnitTests\GenericAttributeGenerator.UnitTests.csproj", "{D6D4B4D3-D1A8-42CF-BA91-FAB446E9EC4F}"
EndProject
Global
	GlobalSection(SolutionConfigurationPlatforms) = preSolution
		Debug|Any CPU = Debug|Any CPU
		Release|Any CPU = Release|Any CPU
	EndGlobalSection
	GlobalSection(ProjectConfigurationPlatforms) = postSolution
		{F1CCB934-D4B7-47E5-B90D-F3113C445D62}.Debug|Any CPU.ActiveCfg = Debug|Any CPU
		{F1CCB934-D4B7-47E5-B90D-F3113C445D62}.Debug|Any CPU.Build.0 = Debug|Any CPU
		{F1CCB934-D4B7-47E5-B90D-F3113C445D62}.Release|Any CPU.ActiveCfg = Release|Any CPU
		{F1CCB934-D4B7-47E5-B90D-F3113C445D62}.Release|Any CPU.Build.0 = Release|Any CPU
		{D6D4B4D3-D1A8-42CF-BA91-FAB446E9EC4F}.Debug|Any CPU.ActiveCfg = Debug|Any CPU
		{D6D4B4D3-D1A8-42CF-BA91-FAB446E9EC4F}.Debug|Any CPU.Build.0 = Debug|Any CPU
		{D6D4B4D3-D1A8-42CF-BA91-FAB446E9EC4F}.Release|Any CPU.ActiveCfg = Release|Any CPU
		{D6D4B4D3-D1A8-42CF-BA91-FAB446E9EC4F}.Release|Any CPU.Build.0 = Release|Any CPU
	EndGlobalSection
	GlobalSection(SolutionProperties) = preSolution
		HideSolutionNode = FALSE
	EndGlobalSection
EndGlobal
